
Microsoft Visual Studio Solution File, Format Version 12.00
# Visual Studio 2012
Project("{FAE04EC0-301F-11D3-BF4B-00C04F79EFBC}") = "WebApplication1", "WebApplication1\WebApplication1.csproj", "{F2420D93-A405-4F78-9AB9-7F4A4D4F9757}"
EndProject
Project("{2150E333-8FDC-42A3-9474-1A3956D46DE8}") = ".nuget", ".nuget", "{E3B6D404-112F-4E67-8A6D-ADC07BFE4B1D}"
	ProjectSection(SolutionItems) = preProject
		.nuget\packages.config = .nuget\packages.config
	EndProjectSection
EndProject
Global
	GlobalSection(SolutionConfigurationPlatforms) = preSolution
		Debug|Any CPU = Debug|Any CPU
		Debug|x86 = Debug|x86
		Release|Any CPU = Release|Any CPU
		Release|x86 = Release|x86
	EndGlobalSection
	GlobalSection(ProjectConfigurationPlatforms) = postSolution
		{F2420D93-A405-4F78-9AB9-7F4A4D4F9757}.Debug|Any CPU.ActiveCfg = Debug|Any CPU
		{F2420D93-A405-4F78-9AB9-7F4A4D4F9757}.Debug|Any CPU.Build.0 = Debug|Any CPU
		{F2420D93-A405-4F78-9AB9-7F4A4D4F9757}.Debug|x86.ActiveCfg = Debug|Any CPU
		{F2420D93-A405-4F78-9AB9-7F4A4D4F9757}.Debug|x86.Build.0 = Debug|Any CPU
		{F2420D93-A405-4F78-9AB9-7F4A4D4F9757}.Release|Any CPU.ActiveCfg = Release|Any CPU
		{F2420D93-A405-4F78-9AB9-7F4A4D4F9757}.Release|Any CPU.Build.0 = Release|Any CPU
		{F2420D93-A405-4F78-9AB9-7F4A4D4F9757}.Release|x86.ActiveCfg = Release|x86
		{F2420D93-A405-4F78-9AB9-7F4A4D4F9757}.Release|x86.Build.0 = Release|x86
	EndGlobalSection
	GlobalSection(SolutionProperties) = preSolution
		HideSolutionNode = FALSE
	EndGlobalSection
EndGlobal
